
Microsoft Visual Studio Solution File, Format Version 12.00
# Visual Studio Version 17
VisualStudioVersion = 17.3.32929.385
MinimumVisualStudioVersion = 10.0.40219.1
Project("{FAE04EC0-301F-11D3-BF4B-00C04F79EFBC}") = "Interview Scheduling using MergeSort", "Interview Scheduling using MergeSort\Interview Scheduling using MergeSort.csproj", "{45306A8D-26C8-4F1A-93B1-798F941DA74E}"
EndProject
Global
	GlobalSection(SolutionConfigurationPlatforms) = preSolution
		Debug|Any CPU = Debug|Any CPU
		Release|Any CPU = Release|Any CPU
	EndGlobalSection
	GlobalSection(ProjectConfigurationPlatforms) = postSolution
		{45306A8D-26C8-4F1A-93B1-798F941DA74E}.Debug|Any CPU.ActiveCfg = Debug|Any CPU
		{45306A8D-26C8-4F1A-93B1-798F941DA74E}.Debug|Any CPU.Build.0 = Debug|Any CPU
		{45306A8D-26C8-4F1A-93B1-798F941DA74E}.Release|Any CPU.ActiveCfg = Release|Any CPU
		{45306A8D-26C8-4F1A-93B1-798F941DA74E}.Release|Any CPU.Build.0 = Release|Any CPU
	EndGlobalSection
	GlobalSection(SolutionProperties) = preSolution
		HideSolutionNode = FALSE
	EndGlobalSection
	GlobalSection(ExtensibilityGlobals) = postSolution
		SolutionGuid = {B3673AFB-92FF-4D07-9855-10BCB632FDF1}
	EndGlobalSection
EndGlobal
